
Microsoft Visual Studio Solution File, Format Version 12.00
Project("{FAE04EC0-301F-11D3-BF4B-00C04F79EFBC}") = "NesmakerDarkmode", "NesmakerDarkmode\NesmakerDarkmode.csproj", "{EB155D41-AA4E-41CC-BCED-31099EC10F24}"
EndProject
Global
	GlobalSection(SolutionConfigurationPlatforms) = preSolution
		Debug|Any CPU = Debug|Any CPU
		Release|Any CPU = Release|Any CPU
	EndGlobalSection
	GlobalSection(ProjectConfigurationPlatforms) = postSolution
		{EB155D41-AA4E-41CC-BCED-31099EC10F24}.Debug|Any CPU.ActiveCfg = Debug|Any CPU
		{EB155D41-AA4E-41CC-BCED-31099EC10F24}.Debug|Any CPU.Build.0 = Debug|Any CPU
		{EB155D41-AA4E-41CC-BCED-31099EC10F24}.Release|Any CPU.ActiveCfg = Release|Any CPU
		{EB155D41-AA4E-41CC-BCED-31099EC10F24}.Release|Any CPU.Build.0 = Release|Any CPU
	EndGlobalSection
EndGlobal
